github.com/akavel/rsrc v0.10.2 h1:Zxm8V5eI1hW4gGaYsJQUhxpjkENuG91ki8B4zCrvEsw=
github.com/akavel/rsrc v0.10.2/go.mod h1:uLoCtb9J+EyAqh+26kdrTgmzRBFPGOolLWKpdxkKq+c=
github.com/audrius-paskevicius/asticode-go-astikit v0.0.0-20251201104106-0cd745baaeb6 h1:zj2Imo6YZJFfLR81NNI2/WaL6kRFW21OX/lPHQU5VzU=
github.com/audrius-paskevicius/asticode-go-astikit v0.0.0-20251201104106-0cd745baaeb6/go.mod h1:xSqDZLxMliI/UrY9eI9JIz/WL+lIP7CwuD1hmnSed+o=
github.com/audrius-paskevicius/asticode-go-astilectron v0.0.0-20251201105159-a8dfcc008bef h1:7GtNldlfMNG+oCD2M4n7KOK5hhcVzzgibOMxCTKZQ9k=
github.com/audrius-paskevicius/asticode-go-astilectron v0.0.0-20251201105159-a8dfcc008bef/go.mod h1:Uf4syI8wHsLWtG8evQ18zcdc4uLPJeCoGsSKyqiZRRA=
github.com/audrius-paskevicius/asticode-go-astilectron-bundler v0.0.0-20251201124217-9f9c63e18ed9 h1:EznVXlPi0gF4cqipTc4HIc8yHbghf9HDKH4kb7d+Stk=
github.com/audrius-paskevicius/asticode-go-astilectron-bundler v0.0.0-20251201124217-9f9c63e18ed9/go.mod h1:K9EoUNvjzNDCUYeW5f50E+zOF2dRFs3WfncJEqH4Bc0=
github.com/davecgh/go-spew v1.1.1 h1:vj9j/u1bqnvCEfJOwUhtlOARqs3+rkHYY13jYWTU97c=
github.com/davecgh/go-spew v1.1.1/go.mod h1:J7Y8YcW2NihsgmVo/mv3lAwl/skON4iLHjSsI+c5H38=
github.com/pmezard/go-difflib v1.0.0 h1:4DBwDE0NGyQoBHbLQYPwSUPoCMWR5BEzIk/f1lZbAQM=
github.com/pmezard/go-difflib v1.0.0/go.mod h1:iKH77koFhYxTK1pcRnkKkqfTogsbg7gZNVY4sRDYZ/4=
github.com/sam-kamerer/go-plister v1.2.0 h1:ZdEF1bhPUoGzwz5eFljw2K/A+oRXq/81jul/A3CHKEY=
github.com/sam-kamerer/go-plister v1.2.0/go.mod h1:gTt1Ko2oTA5bfDYsNcLjRGyyx6LPxHIeo0ZTtTRZG2I=
github.com/stretchr/testify v1.11.1 h1:7s2iGBzp5EwR7/aIZr8ao5+dra3wiQyKjjFuvgVKu7U=
github.com/stretchr/testify v1.11.1/go.mod h1:wZwfW3scLgRK+23gO65QZefKpKQRnfz6sD981Nm4B6U=
gopkg.in/yaml.v3 v3.0.1 h1:fxVm/GzAzEWqLHuvctI91KS9hhNmmWOoWu0XTYJS7CA=
gopkg.in/yaml.v3 v3.0.1/go.mod h1:K4uyk7z7BCEPqu6E+C64Yfv1cQ7kz7rIZviUmN+EgEM=
